
Microsoft Visual Studio Solution File, Format Version 12.00
# Visual Studio 2012
Project("{FAE04EC0-301F-11D3-BF4B-00C04F79EFBC}") = "Ocidental", "Ocidental\Ocidental.csproj", "{52895522-9B56-4166-A9C3-A5BF8EE7822F}"
EndProject
Global
	GlobalSection(SolutionConfigurationPlatforms) = preSolution
		Debug|Any CPU = Debug|Any CPU
		Release|Any CPU = Release|Any CPU
	EndGlobalSection
	GlobalSection(ProjectConfigurationPlatforms) = postSolution
		{52895522-9B56-4166-A9C3-A5BF8EE7822F}.Debug|Any CPU.ActiveCfg = Debug|Any CPU
		{52895522-9B56-4166-A9C3-A5BF8EE7822F}.Debug|Any CPU.Build.0 = Debug|Any CPU
		{52895522-9B56-4166-A9C3-A5BF8EE7822F}.Release|Any CPU.ActiveCfg = Release|Any CPU
		{52895522-9B56-4166-A9C3-A5BF8EE7822F}.Release|Any CPU.Build.0 = Release|Any CPU
	EndGlobalSection
EndGlobal
